
Microsoft Visual Studio Solution File, Format Version 12.00
# Visual Studio Version 16
VisualStudioVersion = 16.0.31727.386
MinimumVisualStudioVersion = 10.0.40219.1
Project("{FAE04EC0-301F-11D3-BF4B-00C04F79EFBC}") = "Oprea_Oana_lab10.Android", "Oprea_Oana_lab10.Android\Oprea_Oana_lab10.Android.csproj", "{7C9B74BC-93FB-44AB-BAA2-DE28B6913580}"
EndProject
Project("{FAE04EC0-301F-11D3-BF4B-00C04F79EFBC}") = "Oprea_Oana_lab10.iOS", "Oprea_Oana_lab10.iOS\Oprea_Oana_lab10.iOS.csproj", "{7B7C140C-2C75-4F3D-8173-A421C69ED276}"
EndProject
Project("{FAE04EC0-301F-11D3-BF4B-00C04F79EFBC}") = "Oprea_Oana_lab10", "Oprea_Oana_lab10\Oprea_Oana_lab10.csproj", "{7EF3A6B6-4816-4574-B146-F0A418EFF65A}"
EndProject
Global
	GlobalSection(SolutionConfigurationPlatforms) = preSolution
		Debug|Any CPU = Debug|Any CPU
		Debug|iPhone = Debug|iPhone
		Debug|iPhoneSimulator = Debug|iPhoneSimulator
		Release|Any CPU = Release|Any CPU
		Release|iPhone = Release|iPhone
		Release|iPhoneSimulator = Release|iPhoneSimulator
	EndGlobalSection
	GlobalSection(ProjectConfigurationPlatforms) = postSolution
		{7C9B74BC-93FB-44AB-BAA2-DE28B6913580}.Debug|Any CPU.ActiveCfg = Debug|Any CPU
		{7C9B74BC-93FB-44AB-BAA2-DE28B6913580}.Debug|Any CPU.Build.0 = Debug|Any CPU
		{7C9B74BC-93FB-44AB-BAA2-DE28B6913580}.Debug|Any CPU.Deploy.0 = Debug|Any CPU
		{7C9B74BC-93FB-44AB-BAA2-DE28B6913580}.Debug|iPhone.ActiveCfg = Debug|Any CPU
		{7C9B74BC-93FB-44AB-BAA2-DE28B6913580}.Debug|iPhone.Build.0 = Debug|Any CPU
		{7C9B74BC-93FB-44AB-BAA2-DE28B6913580}.Debug|iPhone.Deploy.0 = Debug|Any CPU
		{7C9B74BC-93FB-44AB-BAA2-DE28B6913580}.Debug|iPhoneSimulator.ActiveCfg = Debug|Any CPU
		{7C9B74BC-93FB-44AB-BAA2-DE28B6913580}.Debug|iPhoneSimulator.Build.0 = Debug|Any CPU
		{7C9B74BC-93FB-44AB-BAA2-DE28B6913580}.Debug|iPhoneSimulator.Deploy.0 = Debug|Any CPU
		{7C9B74BC-93FB-44AB-BAA2-DE28B6913580}.Release|Any CPU.ActiveCfg = Release|Any CPU
		{7C9B74BC-93FB-44AB-BAA2-DE28B6913580}.Release|Any CPU.Build.0 = Release|Any CPU
		{7C9B74BC-93FB-44AB-BAA2-DE28B6913580}.Release|Any CPU.Deploy.0 = Release|Any CPU
		{7C9B74BC-93FB-44AB-BAA2-DE28B6913580}.Release|iPhone.ActiveCfg = Release|Any CPU
		{7C9B74BC-93FB-44AB-BAA2-DE28B6913580}.Release|iPhone.Build.0 = Release|Any CPU
		{7C9B74BC-93FB-44AB-BAA2-DE28B6913580}.Release|iPhone.Deploy.0 = Release|Any CPU
		{7C9B74BC-93FB-44AB-BAA2-DE28B6913580}.Release|iPhoneSimulator.ActiveCfg = Release|Any CPU
		{7C9B74BC-93FB-44AB-BAA2-DE28B6913580}.Release|iPhoneSimulator.Build.0 = Release|Any CPU
		{7C9B74BC-93FB-44AB-BAA2-DE28B6913580}.Release|iPhoneSimulator.Deploy.0 = Release|Any CPU
		{7B7C140C-2C75-4F3D-8173-A421C69ED276}.Debug|Any CPU.ActiveCfg = Debug|iPhone
		{7B7C140C-2C75-4F3D-8173-A421C69ED276}.Debug|Any CPU.Build.0 = Debug|iPhone
		{7B7C140C-2C75-4F3D-8173-A421C69ED276}.Debug|Any CPU.Deploy.0 = Debug|iPhone
		{7B7C140C-2C75-4F3D-8173-A421C69ED276}.Debug|iPhone.ActiveCfg = Debug|iPhone
		{7B7C140C-2C75-4F3D-8173-A421C69ED276}.Debug|iPhone.Build.0 = Debug|iPhone
		{7B7C140C-2C75-4F3D-8173-A421C69ED276}.Debug|iPhone.Deploy.0 = Debug|iPhone
		{7B7C140C-2C75-4F3D-8173-A421C69ED276}.Debug|iPhoneSimulator.ActiveCfg = Debug|iPhoneSimulator
		{7B7C140C-2C75-4F3D-8173-A421C69ED276}.Debug|iPhoneSimulator.Build.0 = Debug|iPhoneSimulator
		{7B7C140C-2C75-4F3D-8173-A421C69ED276}.Debug|iPhoneSimulator.Deploy.0 = Debug|iPhoneSimulator
		{7B7C140C-2C75-4F3D-8173-A421C69ED276}.Release|Any CPU.ActiveCfg = Release|iPhoneSimulator
		{7B7C140C-2C75-4F3D-8173-A421C69ED276}.Release|Any CPU.Build.0 = Release|iPhoneSimulator
		{7B7C140C-2C75-4F3D-8173-A421C69ED276}.Release|Any CPU.Deploy.0 = Release|iPhoneSimulator
		{7B7C140C-2C75-4F3D-8173-A421C69ED276}.Release|iPhone.ActiveCfg = Release|iPhone
		{7B7C140C-2C75-4F3D-8173-A421C69ED276}.Release|iPhone.Build.0 = Release|iPhone
		{7B7C140C-2C75-4F3D-8173-A421C69ED276}.Release|iPhone.Deploy.0 = Release|iPhone
		{7B7C140C-2C75-4F3D-8173-A421C69ED276}.Release|iPhoneSimulator.ActiveCfg = Release|iPhoneSimulator
		{7B7C140C-2C75-4F3D-8173-A421C69ED276}.Release|iPhoneSimulator.Build.0 = Release|iPhoneSimulator
		{7B7C140C-2C75-4F3D-8173-A421C69ED276}.Release|iPhoneSimulator.Deploy.0 = Release|iPhoneSimulator
		{7EF3A6B6-4816-4574-B146-F0A418EFF65A}.Debug|Any CPU.ActiveCfg = Debug|Any CPU
		{7EF3A6B6-4816-4574-B146-F0A418EFF65A}.Debug|Any CPU.Build.0 = Debug|Any CPU
		{7EF3A6B6-4816-4574-B146-F0A418EFF65A}.Debug|Any CPU.Deploy.0 = Debug|Any CPU
		{7EF3A6B6-4816-4574-B146-F0A418EFF65A}.Debug|iPhone.ActiveCfg = Debug|Any CPU
		{7EF3A6B6-4816-4574-B146-F0A418EFF65A}.Debug|iPhone.Build.0 = Debug|Any CPU
		{7EF3A6B6-4816-4574-B146-F0A418EFF65A}.Debug|iPhone.Deploy.0 = Debug|Any CPU
		{7EF3A6B6-4816-4574-B146-F0A418EFF65A}.Debug|iPhoneSimulator.ActiveCfg = Debug|Any CPU
		{7EF3A6B6-4816-4574-B146-F0A418EFF65A}.Debug|iPhoneSimulator.Build.0 = Debug|Any CPU
		{7EF3A6B6-4816-4574-B146-F0A418EFF65A}.Debug|iPhoneSimulator.Deploy.0 = Debug|Any CPU
		{7EF3A6B6-4816-4574-B146-F0A418EFF65A}.Release|Any CPU.ActiveCfg = Release|Any CPU
		{7EF3A6B6-4816-4574-B146-F0A418EFF65A}.Release|Any CPU.Build.0 = Release|Any CPU
		{7EF3A6B6-4816-4574-B146-F0A418EFF65A}.Release|Any CPU.Deploy.0 = Release|Any CPU
		{7EF3A6B6-4816-4574-B146-F0A418EFF65A}.Release|iPhone.ActiveCfg = Release|Any CPU
		{7EF3A6B6-4816-4574-B146-F0A418EFF65A}.Release|iPhone.Build.0 = Release|Any CPU
		{7EF3A6B6-4816-4574-B146-F0A418EFF65A}.Release|iPhone.Deploy.0 = Release|Any CPU
		{7EF3A6B6-4816-4574-B146-F0A418EFF65A}.Release|iPhoneSimulator.ActiveCfg = Release|Any CPU
		{7EF3A6B6-4816-4574-B146-F0A418EFF65A}.Release|iPhoneSimulator.Build.0 = Release|Any CPU
		{7EF3A6B6-4816-4574-B146-F0A418EFF65A}.Release|iPhoneSimulator.Deploy.0 = Release|Any CPU
	EndGlobalSection
	GlobalSection(SolutionProperties) = preSolution
		HideSolutionNode = FALSE
	EndGlobalSection
	GlobalSection(ExtensibilityGlobals) = postSolution
		SolutionGuid = {C02E4DF1-CD56-4349-BAE2-0064BEE649CB}
	EndGlobalSection
EndGlobal
